
Microsoft Visual Studio Solution File, Format Version 12.00
# Visual Studio Version 17
VisualStudioVersion = 17.4.33205.214
MinimumVisualStudioVersion = 10.0.40219.1
Project("{FAE04EC0-301F-11D3-BF4B-00C04F79EFBC}") = "ChessHorse", "ChessHorse\ChessHorse.csproj", "{0A9A7E9D-BF8B-4F41-8ED2-D1BC67B40715}"
EndProject
Global
	GlobalSection(SolutionConfigurationPlatforms) = preSolution
		Debug|Any CPU = Debug|Any CPU
		Release|Any CPU = Release|Any CPU
	EndGlobalSection
	GlobalSection(ProjectConfigurationPlatforms) = postSolution
		{0A9A7E9D-BF8B-4F41-8ED2-D1BC67B40715}.Debug|Any CPU.ActiveCfg = Debug|Any CPU
		{0A9A7E9D-BF8B-4F41-8ED2-D1BC67B40715}.Debug|Any CPU.Build.0 = Debug|Any CPU
		{0A9A7E9D-BF8B-4F41-8ED2-D1BC67B40715}.Release|Any CPU.ActiveCfg = Release|Any CPU
		{0A9A7E9D-BF8B-4F41-8ED2-D1BC67B40715}.Release|Any CPU.Build.0 = Release|Any CPU
	EndGlobalSection
	GlobalSection(SolutionProperties) = preSolution
		HideSolutionNode = FALSE
	EndGlobalSection
	GlobalSection(ExtensibilityGlobals) = postSolution
		SolutionGuid = {F75DFB5D-3074-4C1C-9D35-8FE08484BE32}
	EndGlobalSection
EndGlobal
